
Microsoft Visual Studio Solution File, Format Version 12.00
# Visual Studio Version 17
VisualStudioVersion = 17.0.31612.314
MinimumVisualStudioVersion = 10.0.40219.1
Project("{8BC9CEB8-8B4A-11D0-8D11-00A0C91BC942}") = "mRNA bases", "mRNA bases\mRNA bases.vcxproj", "{D046A556-C38A-4FF9-BDAA-81492B268B5A}"
EndProject
Global
	GlobalSection(SolutionConfigurationPlatforms) = preSolution
		Debug|x64 = Debug|x64
		Debug|x86 = Debug|x86
		Release|x64 = Release|x64
		Release|x86 = Release|x86
	EndGlobalSection
	GlobalSection(ProjectConfigurationPlatforms) = postSolution
		{D046A556-C38A-4FF9-BDAA-81492B268B5A}.Debug|x64.ActiveCfg = Debug|x64
		{D046A556-C38A-4FF9-BDAA-81492B268B5A}.Debug|x64.Build.0 = Debug|x64
		{D046A556-C38A-4FF9-BDAA-81492B268B5A}.Debug|x86.ActiveCfg = Debug|Win32
		{D046A556-C38A-4FF9-BDAA-81492B268B5A}.Debug|x86.Build.0 = Debug|Win32
		{D046A556-C38A-4FF9-BDAA-81492B268B5A}.Release|x64.ActiveCfg = Release|x64
		{D046A556-C38A-4FF9-BDAA-81492B268B5A}.Release|x64.Build.0 = Release|x64
		{D046A556-C38A-4FF9-BDAA-81492B268B5A}.Release|x86.ActiveCfg = Release|Win32
		{D046A556-C38A-4FF9-BDAA-81492B268B5A}.Release|x86.Build.0 = Release|Win32
	EndGlobalSection
	GlobalSection(SolutionProperties) = preSolution
		HideSolutionNode = FALSE
	EndGlobalSection
	GlobalSection(ExtensibilityGlobals) = postSolution
		SolutionGuid = {2948ADF2-D640-4C87-A624-22A143C9E26C}
	EndGlobalSection
EndGlobal
